
Microsoft Visual Studio Solution File, Format Version 12.00
# Visual Studio Version 16
VisualStudioVersion = 16.0.29215.179
MinimumVisualStudioVersion = 10.0.40219.1
Project("{9A19103F-16F7-4668-BE54-9A1E7A4F7556}") = "HexView", "HexView\HexView.csproj", "{02276D5F-0163-4148-A535-CB9F689B9CE2}"
EndProject
Project("{9A19103F-16F7-4668-BE54-9A1E7A4F7556}") = "HexView.Framework", "HexView.Framework\HexView.Framework.csproj", "{F6C54296-AE50-4FB8-A7BF-2D6FEB03D12F}"
EndProject
Project("{9A19103F-16F7-4668-BE54-9A1E7A4F7556}") = "HexView.Sample", "HexView.Sample\HexView.Sample.csproj", "{9B1D9EAC-DC11-41CB-8C29-CE3EDD99CAF6}"
EndProject
Global
	GlobalSection(SolutionConfigurationPlatforms) = preSolution
		Debug|Any CPU = Debug|Any CPU
		Release|Any CPU = Release|Any CPU
	EndGlobalSection
	GlobalSection(ProjectConfigurationPlatforms) = postSolution
		{02276D5F-0163-4148-A535-CB9F689B9CE2}.Debug|Any CPU.ActiveCfg = Debug|Any CPU
		{02276D5F-0163-4148-A535-CB9F689B9CE2}.Debug|Any CPU.Build.0 = Debug|Any CPU
		{02276D5F-0163-4148-A535-CB9F689B9CE2}.Release|Any CPU.ActiveCfg = Release|Any CPU
		{02276D5F-0163-4148-A535-CB9F689B9CE2}.Release|Any CPU.Build.0 = Release|Any CPU
		{F6C54296-AE50-4FB8-A7BF-2D6FEB03D12F}.Debug|Any CPU.ActiveCfg = Debug|Any CPU
		{F6C54296-AE50-4FB8-A7BF-2D6FEB03D12F}.Debug|Any CPU.Build.0 = Debug|Any CPU
		{F6C54296-AE50-4FB8-A7BF-2D6FEB03D12F}.Release|Any CPU.ActiveCfg = Release|Any CPU
		{F6C54296-AE50-4FB8-A7BF-2D6FEB03D12F}.Release|Any CPU.Build.0 = Release|Any CPU
		{9B1D9EAC-DC11-41CB-8C29-CE3EDD99CAF6}.Debug|Any CPU.ActiveCfg = Debug|Any CPU
		{9B1D9EAC-DC11-41CB-8C29-CE3EDD99CAF6}.Debug|Any CPU.Build.0 = Debug|Any CPU
		{9B1D9EAC-DC11-41CB-8C29-CE3EDD99CAF6}.Release|Any CPU.ActiveCfg = Release|Any CPU
		{9B1D9EAC-DC11-41CB-8C29-CE3EDD99CAF6}.Release|Any CPU.Build.0 = Release|Any CPU
	EndGlobalSection
	GlobalSection(SolutionProperties) = preSolution
		HideSolutionNode = FALSE
	EndGlobalSection
	GlobalSection(ExtensibilityGlobals) = postSolution
		SolutionGuid = {D090F18C-61DA-44D6-89CE-6D925A026D0C}
	EndGlobalSection
EndGlobal
